
Microsoft Visual Studio Solution File, Format Version 12.00
# Visual Studio Version 17
VisualStudioVersion = 17.5.002.0
MinimumVisualStudioVersion = 10.0.40219.1
Project("{2150E333-8FDC-42A3-9474-1A3956D46DE8}") = "csharp-prep", "csharp-prep", "{3802F9E5-92C1-4B3D-9761-D604F899FD9D}"
EndProject
Project("{9A19103F-16F7-4668-BE54-9A1E7A4F7556}") = "Prep1", "csharp-prep\Prep1\Prep1.csproj", "{E8B78526-DAD9-4DDF-8862-DD951CAC2A56}"
EndProject
Project("{9A19103F-16F7-4668-BE54-9A1E7A4F7556}") = "Prep2", "csharp-prep\Prep2\Prep2.csproj", "{6B92844A-4EB6-48E6-8D1C-918D414E568A}"
EndProject
Project("{9A19103F-16F7-4668-BE54-9A1E7A4F7556}") = "Prep3", "csharp-prep\Prep3\Prep3.csproj", "{08F973BD-62A8-4C16-85D4-867592DDA453}"
EndProject
Project("{9A19103F-16F7-4668-BE54-9A1E7A4F7556}") = "Prep4", "csharp-prep\Prep4\Prep4.csproj", "{974AED74-D46E-4666-B8D9-717CAA8551E3}"
EndProject
Project("{9A19103F-16F7-4668-BE54-9A1E7A4F7556}") = "Prep5", "csharp-prep\Prep5\Prep5.csproj", "{C737D583-6E55-4D81-90DE-154361F2161C}"
EndProject
Project("{2150E333-8FDC-42A3-9474-1A3956D46DE8}") = "Prove", "Prove", "{482C0B86-ED15-420D-99E0-C7C5AA4563B9}"
EndProject
Project("{FAE04EC0-301F-11D3-BF4B-00C04F79EFBC}") = "Develop02", "Prove\Develop02\Develop02.csproj", "{D4F975DE-8638-4E10-A07D-8F9F3FFBCDB6}"
EndProject
Project("{FAE04EC0-301F-11D3-BF4B-00C04F79EFBC}") = "Develop03", "Prove\Develop03\Develop03.csproj", "{774412F5-4FFE-407E-90FE-B974C98AD1CE}"
EndProject
Project("{2150E333-8FDC-42A3-9474-1A3956D46DE8}") = "foundation", "foundation", "{F244B2DB-328B-44D7-B6E3-C4196D07389A}"
EndProject
Project("{FAE04EC0-301F-11D3-BF4B-00C04F79EFBC}") = "Foundation1", "foundation\Foundation1\Foundation1.csproj", "{BDE694E2-C934-4B62-B29E-1FF03685FCB7}"
EndProject
Project("{FAE04EC0-301F-11D3-BF4B-00C04F79EFBC}") = "Foundation2", "foundation\Foundation2\Foundation2.csproj", "{7C5F1C02-EE9A-4852-8550-052E389EE39D}"
EndProject
Global
	GlobalSection(SolutionConfigurationPlatforms) = preSolution
		Debug|Any CPU = Debug|Any CPU
		Release|Any CPU = Release|Any CPU
	EndGlobalSection
	GlobalSection(ProjectConfigurationPlatforms) = postSolution
		{E8B78526-DAD9-4DDF-8862-DD951CAC2A56}.Debug|Any CPU.ActiveCfg = Debug|Any CPU
		{E8B78526-DAD9-4DDF-8862-DD951CAC2A56}.Debug|Any CPU.Build.0 = Debug|Any CPU
		{E8B78526-DAD9-4DDF-8862-DD951CAC2A56}.Release|Any CPU.ActiveCfg = Release|Any CPU
		{E8B78526-DAD9-4DDF-8862-DD951CAC2A56}.Release|Any CPU.Build.0 = Release|Any CPU
		{6B92844A-4EB6-48E6-8D1C-918D414E568A}.Debug|Any CPU.ActiveCfg = Debug|Any CPU
		{6B92844A-4EB6-48E6-8D1C-918D414E568A}.Debug|Any CPU.Build.0 = Debug|Any CPU
		{6B92844A-4EB6-48E6-8D1C-918D414E568A}.Release|Any CPU.ActiveCfg = Release|Any CPU
		{6B92844A-4EB6-48E6-8D1C-918D414E568A}.Release|Any CPU.Build.0 = Release|Any CPU
		{08F973BD-62A8-4C16-85D4-867592DDA453}.Debug|Any CPU.ActiveCfg = Debug|Any CPU
		{08F973BD-62A8-4C16-85D4-867592DDA453}.Debug|Any CPU.Build.0 = Debug|Any CPU
		{08F973BD-62A8-4C16-85D4-867592DDA453}.Release|Any CPU.ActiveCfg = Release|Any CPU
		{08F973BD-62A8-4C16-85D4-867592DDA453}.Release|Any CPU.Build.0 = Release|Any CPU
		{974AED74-D46E-4666-B8D9-717CAA8551E3}.Debug|Any CPU.ActiveCfg = Debug|Any CPU
		{974AED74-D46E-4666-B8D9-717CAA8551E3}.Debug|Any CPU.Build.0 = Debug|Any CPU
		{974AED74-D46E-4666-B8D9-717CAA8551E3}.Release|Any CPU.ActiveCfg = Release|Any CPU
		{974AED74-D46E-4666-B8D9-717CAA8551E3}.Release|Any CPU.Build.0 = Release|Any CPU
		{C737D583-6E55-4D81-90DE-154361F2161C}.Debug|Any CPU.ActiveCfg = Debug|Any CPU
		{C737D583-6E55-4D81-90DE-154361F2161C}.Debug|Any CPU.Build.0 = Debug|Any CPU
		{C737D583-6E55-4D81-90DE-154361F2161C}.Release|Any CPU.ActiveCfg = Release|Any CPU
		{C737D583-6E55-4D81-90DE-154361F2161C}.Release|Any CPU.Build.0 = Release|Any CPU
		{D4F975DE-8638-4E10-A07D-8F9F3FFBCDB6}.Debug|Any CPU.ActiveCfg = Debug|Any CPU
		{D4F975DE-8638-4E10-A07D-8F9F3FFBCDB6}.Debug|Any CPU.Build.0 = Debug|Any CPU
		{D4F975DE-8638-4E10-A07D-8F9F3FFBCDB6}.Release|Any CPU.ActiveCfg = Release|Any CPU
		{D4F975DE-8638-4E10-A07D-8F9F3FFBCDB6}.Release|Any CPU.Build.0 = Release|Any CPU
		{774412F5-4FFE-407E-90FE-B974C98AD1CE}.Debug|Any CPU.ActiveCfg = Debug|Any CPU
		{774412F5-4FFE-407E-90FE-B974C98AD1CE}.Debug|Any CPU.Build.0 = Debug|Any CPU
		{774412F5-4FFE-407E-90FE-B974C98AD1CE}.Release|Any CPU.ActiveCfg = Release|Any CPU
		{774412F5-4FFE-407E-90FE-B974C98AD1CE}.Release|Any CPU.Build.0 = Release|Any CPU
		{BDE694E2-C934-4B62-B29E-1FF03685FCB7}.Debug|Any CPU.ActiveCfg = Debug|Any CPU
		{BDE694E2-C934-4B62-B29E-1FF03685FCB7}.Debug|Any CPU.Build.0 = Debug|Any CPU
		{BDE694E2-C934-4B62-B29E-1FF03685FCB7}.Release|Any CPU.ActiveCfg = Release|Any CPU
		{BDE694E2-C934-4B62-B29E-1FF03685FCB7}.Release|Any CPU.Build.0 = Release|Any CPU
		{7C5F1C02-EE9A-4852-8550-052E389EE39D}.Debug|Any CPU.ActiveCfg = Debug|Any CPU
		{7C5F1C02-EE9A-4852-8550-052E389EE39D}.Debug|Any CPU.Build.0 = Debug|Any CPU
		{7C5F1C02-EE9A-4852-8550-052E389EE39D}.Release|Any CPU.ActiveCfg = Release|Any CPU
		{7C5F1C02-EE9A-4852-8550-052E389EE39D}.Release|Any CPU.Build.0 = Release|Any CPU
	EndGlobalSection
	GlobalSection(SolutionProperties) = preSolution
		HideSolutionNode = FALSE
	EndGlobalSection
	GlobalSection(NestedProjects) = preSolution
		{E8B78526-DAD9-4DDF-8862-DD951CAC2A56} = {3802F9E5-92C1-4B3D-9761-D604F899FD9D}
		{6B92844A-4EB6-48E6-8D1C-918D414E568A} = {3802F9E5-92C1-4B3D-9761-D604F899FD9D}
		{08F973BD-62A8-4C16-85D4-867592DDA453} = {3802F9E5-92C1-4B3D-9761-D604F899FD9D}
		{974AED74-D46E-4666-B8D9-717CAA8551E3} = {3802F9E5-92C1-4B3D-9761-D604F899FD9D}
		{C737D583-6E55-4D81-90DE-154361F2161C} = {3802F9E5-92C1-4B3D-9761-D604F899FD9D}
		{D4F975DE-8638-4E10-A07D-8F9F3FFBCDB6} = {482C0B86-ED15-420D-99E0-C7C5AA4563B9}
		{774412F5-4FFE-407E-90FE-B974C98AD1CE} = {482C0B86-ED15-420D-99E0-C7C5AA4563B9}
		{BDE694E2-C934-4B62-B29E-1FF03685FCB7} = {F244B2DB-328B-44D7-B6E3-C4196D07389A}
		{7C5F1C02-EE9A-4852-8550-052E389EE39D} = {F244B2DB-328B-44D7-B6E3-C4196D07389A}
	EndGlobalSection
	GlobalSection(ExtensibilityGlobals) = postSolution
		SolutionGuid = {6BF5FB72-242A-4CF3-B5FC-0F6B4FA6B1C5}
	EndGlobalSection
EndGlobal
